// !$*UTF8*$!
{
	archiveVersion = 1;
	classes = {
	};
	objectVersion = 50;
	objects = {

/* Begin PBXBuildFile section */
		8338C2042383AFAC0041DE09 /* AppDelegate.swift in Sources */ = {isa = PBXBuildFile; fileRef = 8338C2032383AFAC0041DE09 /* AppDelegate.swift */; };
		8338C2062383AFAC0041DE09 /* ViewController.swift in Sources */ = {isa = PBXBuildFile; fileRef = 8338C2052383AFAC0041DE09 /* ViewController.swift */; };
		8338C2092383AFAC0041DE09 /* Main.storyboard in Resources */ = {isa = PBXBuildFile; fileRef = 8338C2072383AFAC0041DE09 /* Main.storyboard */; };
		8338C20B2383AFB60041DE09 /* Assets.xcassets in Resources */ = {isa = PBXBuildFile; fileRef = 8338C20A2383AFB60041DE09 /* Assets.xcassets */; };
		8338C20E2383AFB60041DE09 /* LaunchScreen.storyboard in Resources */ = {isa = PBXBuildFile; fileRef = 8338C20C2383AFB60041DE09 /* LaunchScreen.storyboard */; };
		8338C2192383AFB60041DE09 /* DATA_TRANSFER_THRU_SEGUESTests.swift in Sources */ = {isa = PBXBuildFile; fileRef = 8338C2182383AFB60041DE09 /* DATA_TRANSFER_THRU_SEGUESTests.swift */; };
		8338C2242383AFB60041DE09 /* DATA_TRANSFER_THRU_SEGUESUITests.swift in Sources */ = {isa = PBXBuildFile; fileRef = 8338C2232383AFB60041DE09 /* DATA_TRANSFER_THRU_SEGUESUITests.swift */; };
/* End PBXBuildFile section */

/* Begin PBXContainerItemProxy section */
		8338C2152383AFB60041DE09 /* PBXContainerItemProxy */ = {
			isa = PBXContainerItemProxy;
			containerPortal = 8338C1F82383AFAC0041DE09 /* Project object */;
			proxyType = 1;
			remoteGlobalIDString = 8338C1FF2383AFAC0041DE09;
			remoteInfo = "DATA TRANSFER THRU SEGUES";
		};
		8338C2202383AFB60041DE09 /* PBXContainerItemProxy */ = {
			isa = PBXContainerItemProxy;
			containerPortal = 8338C1F82383AFAC0041DE09 /* Project object */;
			proxyType = 1;
			remoteGlobalIDString = 8338C1FF2383AFAC0041DE09;
			remoteInfo = "DATA TRANSFER THRU SEGUES";
		};
/* End PBXContainerItemProxy section */

/* Begin PBXFileReference section */
		8338C2002383AFAC0041DE09 /* DATA TRANSFER THRU SEGUES.app */ = {isa = PBXFileReference; explicitFileType = wrapper.application; includeInIndex = 0; path = "DATA TRANSFER THRU SEGUES.app"; sourceTree = BUILT_PRODUCTS_DIR; };
		8338C2032383AFAC0041DE09 /* AppDelegate.swift */ = {isa = PBXFileReference; lastKnownFileType = sourcecode.swift; path = AppDelegate.swift; sourceTree = "<group>"; };
		8338C2052383AFAC0041DE09 /* ViewController.swift */ = {isa = PBXFileReference; lastKnownFileType = sourcecode.swift; path = ViewController.swift; sourceTree = "<group>"; };
		8338C2082383AFAC0041DE09 /* Base */ = {isa = PBXFileReference; lastKnownFileType = file.storyboard; name = Base; path = Base.lproj/Main.storyboard; sourceTree = "<group>"; };
		8338C20A2383AFB60041DE09 /* Assets.xcassets */ = {isa = PBXFileReference; lastKnownFileType = folder.assetcatalog; path = Assets.xcassets; sourceTree = "<group>"; };
		8338C20D2383AFB60041DE09 /* Base */ = {isa = PBXFileReference; lastKnownFileType = file.storyboard; name = Base; path = Base.lproj/LaunchScreen.storyboard; sourceTree = "<group>"; };
		8338C20F2383AFB60041DE09 /* Info.plist */ = {isa = PBXFileReference; lastKnownFileType = text.plist.xml; path = Info.plist; sourceTree = "<group>"; };
		8338C2142383AFB60041DE09 /* DATA TRANSFER THRU SEGUESTests.xctest */ = {isa = PBXFileReference; explicitFileType = wrapper.cfbundle; includeInIndex = 0; path = "DATA TRANSFER THRU SEGUESTests.xctest"; sourceTree = BUILT_PRODUCTS_DIR; };
		8338C2182383AFB60041DE09 /* DATA_TRANSFER_THRU_SEGUESTests.swift */ = {isa = PBXFileReference; lastKnownFileType = sourcecode.swift; path = DATA_TRANSFER_THRU_SEGUESTests.swift; sourceTree = "<group>"; };
		8338C21A2383AFB60041DE09 /* Info.plist */ = {isa = PBXFileReference; lastKnownFileType = text.plist.xml; path = Info.plist; sourceTree = "<group>"; };
		8338C21F2383AFB60041DE09 /* DATA TRANSFER THRU SEGUESUITests.xctest */ = {isa = PBXFileReference; explicitFileType = wrapper.cfbundle; includeInIndex = 0; path = "DATA TRANSFER THRU SEGUESUITests.xctest"; sourceTree = BUILT_PRODUCTS_DIR; };
		8338C2232383AFB60041DE09 /* DATA_TRANSFER_THRU_SEGUESUITests.swift */ = {isa = PBXFileReference; lastKnownFileType = sourcecode.swift; path = DATA_TRANSFER_THRU_SEGUESUITests.swift; sourceTree = "<group>"; };
		8338C2252383AFB60041DE09 /* Info.plist */ = {isa = PBXFileReference; lastKnownFileType = text.plist.xml; path = Info.plist; sourceTree = "<group>"; };
/* End PBXFileReference section */

/* Begin PBXFrameworksBuildPhase section */
		8338C1FD2383AFAC0041DE09 /* Frameworks */ = {
			isa = PBXFrameworksBuildPhase;
			buildActionMask = 2147483647;
			files = (
			);
			runOnlyForDeploymentPostprocessing = 0;
		};
		8338C2112383AFB60041DE09 /* Frameworks */ = {
			isa = PBXFrameworksBuildPhase;
			buildActionMask = 2147483647;
			files = (
			);
			runOnlyForDeploymentPostprocessing = 0;
		};
		8338C21C2383AFB60041DE09 /* Frameworks */ = {
			isa = PBXFrameworksBuildPhase;
			buildActionMask = 2147483647;
			files = (
			);
			runOnlyForDeploymentPostprocessing = 0;
		};
/* End PBXFrameworksBuildPhase section */

/* Begin PBXGroup section */
		8338C1F72383AFAC0041DE09 = {
			isa = PBXGroup;
			children = (
				8338C2022383AFAC0041DE09 /* DATA TRANSFER THRU SEGUES */,
				8338C2172383AFB60041DE09 /* DATA TRANSFER THRU SEGUESTests */,
				8338C2222383AFB60041DE09 /* DATA TRANSFER THRU SEGUESUITests */,
				8338C2012383AFAC0041DE09 /* Products */,
			);
			sourceTree = "<group>";
		};
		8338C2012383AFAC0041DE09 /* Products */ = {
			isa = PBXGroup;
			children = (
				8338C2002383AFAC0041DE09 /* DATA TRANSFER THRU SEGUES.app */,
				8338C2142383AFB60041DE09 /* DATA TRANSFER THRU SEGUESTests.xctest */,
				8338C21F2383AFB60041DE09 /* DATA TRANSFER THRU SEGUESUITests.xctest */,
			);
			name = Products;
			sourceTree = "<group>";
		};
		8338C2022383AFAC0041DE09 /* DATA TRANSFER THRU SEGUES */ = {
			isa = PBXGroup;
			children = (
				8338C2032383AFAC0041DE09 /* AppDelegate.swift */,
				8338C2052383AFAC0041DE09 /* ViewController.swift */,
				8338C2072383AFAC0041DE09 /* Main.storyboard */,
				8338C20A2383AFB60041DE09 /* Assets.xcassets */,
				8338C20C2383AFB60041DE09 /* LaunchScreen.storyboard */,
				8338C20F2383AFB60041DE09 /* Info.plist */,
			);
			path = "DATA TRANSFER THRU SEGUES";
			sourceTree = "<group>";
		};
		8338C2172383AFB60041DE09 /* DATA TRANSFER THRU SEGUESTests */ = {
			isa = PBXGroup;
			children = (
				8338C2182383AFB60041DE09 /* DATA_TRANSFER_THRU_SEGUESTests.swift */,
				8338C21A2383AFB60041DE09 /* Info.plist */,
			);
			path = "DATA TRANSFER THRU SEGUESTests";
			sourceTree = "<group>";
		};
		8338C2222383AFB60041DE09 /* DATA TRANSFER THRU SEGUESUITests */ = {
			isa = PBXGroup;
			children = (
				8338C2232383AFB60041DE09 /* DATA_TRANSFER_THRU_SEGUESUITests.swift */,
				8338C2252383AFB60041DE09 /* Info.plist */,
			);
			path = "DATA TRANSFER THRU SEGUESUITests";
			sourceTree = "<group>";
		};
/* End PBXGroup section */

/* Begin PBXNativeTarget section */
		8338C1FF2383AFAC0041DE09 /* DATA TRANSFER THRU SEGUES */ = {
			isa = PBXNativeTarget;
			buildConfigurationList = 8338C2282383AFB60041DE09 /* Build configuration list for PBXNativeTarget "DATA TRANSFER THRU SEGUES" */;
			buildPhases = (
				8338C1FC2383AFAC0041DE09 /* Sources */,
				8338C1FD2383AFAC0041DE09 /* Frameworks */,
				8338C1FE2383AFAC0041DE09 /* Resources */,
			);
			buildRules = (
			);
			dependencies = (
			);
			name = "DATA TRANSFER THRU SEGUES";
			productName = "DATA TRANSFER THRU SEGUES";
			productReference = 8338C2002383AFAC0041DE09 /* DATA TRANSFER THRU SEGUES.app */;
			productType = "com.apple.product-type.application";
		};
		8338C2132383AFB60041DE09 /* DATA TRANSFER THRU SEGUESTests */ = {
			isa = PBXNativeTarget;
			buildConfigurationList = 8338C22B2383AFB60041DE09 /* Build configuration list for PBXNativeTarget "DATA TRANSFER THRU SEGUESTests" */;
			buildPhases = (
				8338C2102383AFB60041DE09 /* Sources */,
				8338C2112383AFB60041DE09 /* Frameworks */,
				8338C2122383AFB60041DE09 /* Resources */,
			);
			buildRules = (
			);
			dependencies = (
				8338C2162383AFB60041DE09 /* PBXTargetDependency */,
			);
			name = "DATA TRANSFER THRU SEGUESTests";
			productName = "DATA TRANSFER THRU SEGUESTests";
			productReference = 8338C2142383AFB60041DE09 /* DATA TRANSFER THRU SEGUESTests.xctest */;
			productType = "com.apple.product-type.bundle.unit-test";
		};
		8338C21E2383AFB60041DE09 /* DATA TRANSFER THRU SEGUESUITests */ = {
			isa = PBXNativeTarget;
			buildConfigurationList = 8338C22E2383AFB60041DE09 /* Build configuration list for PBXNativeTarget "DATA TRANSFER THRU SEGUESUITests" */;
			buildPhases = (
				8338C21B2383AFB60041DE09 /* Sources */,
				8338C21C2383AFB60041DE09 /* Frameworks */,
				8338C21D2383AFB60041DE09 /* Resources */,
			);
			buildRules = (
			);
			dependencies = (
				8338C2212383AFB60041DE09 /* PBXTargetDependency */,
			);
			name = "DATA TRANSFER THRU SEGUESUITests";
			productName = "DATA TRANSFER THRU SEGUESUITests";
			productReference = 8338C21F2383AFB60041DE09 /* DATA TRANSFER THRU SEGUESUITests.xctest */;
			productType = "com.apple.product-type.bundle.ui-testing";
		};
/* End PBXNativeTarget section */

/* Begin PBXProject section */
		8338C1F82383AFAC0041DE09 /* Project object */ = {
			isa = PBXProject;
			attributes = {
				LastSwiftUpdateCheck = 1010;
				LastUpgradeCheck = 1010;
				ORGANIZATIONNAME = "Syed.Reshma Ruksana";
				TargetAttributes = {
					8338C1FF2383AFAC0041DE09 = {
						CreatedOnToolsVersion = 10.1;
					};
					8338C2132383AFB60041DE09 = {
						CreatedOnToolsVersion = 10.1;
						TestTargetID = 8338C1FF2383AFAC0041DE09;
					};
					8338C21E2383AFB60041DE09 = {
						CreatedOnToolsVersion = 10.1;
						TestTargetID = 8338C1FF2383AFAC0041DE09;
					};
				};
			};
			buildConfigurationList = 8338C1FB2383AFAC0041DE09 /* Build configuration list for PBXProject "DATA TRANSFER THRU SEGUES" */;
			compatibilityVersion = "Xcode 9.3";
			developmentRegion = en;
			hasScannedForEncodings = 0;
			knownRegions = (
				en,
				Base,
			);
			mainGroup = 8338C1F72383AFAC0041DE09;
			productRefGroup = 8338C2012383AFAC0041DE09 /* Products */;
			projectDirPath = "";
			projectRoot = "";
			targets = (
				8338C1FF2383AFAC0041DE09 /* DATA TRANSFER THRU SEGUES */,
				8338C2132383AFB60041DE09 /* DATA TRANSFER THRU SEGUESTests */,
				8338C21E2383AFB60041DE09 /* DATA TRANSFER THRU SEGUESUITests */,
			);
		};
/* End PBXProject section */

/* Begin PBXResourcesBuildPhase section */
		8338C1FE2383AFAC0041DE09 /* Resources */ = {
			isa = PBXResourcesBuildPhase;
			buildActionMask = 2147483647;
			files = (
				8338C20E2383AFB60041DE09 /* LaunchScreen.storyboard in Resources */,
				8338C20B2383AFB60041DE09 /* Assets.xcassets in Resources */,
				8338C2092383AFAC0041DE09 /* Main.storyboard in Resources */,
			);
			runOnlyForDeploymentPostprocessing = 0;
		};
		8338C2122383AFB60041DE09 /* Resources */ = {
			isa = PBXResourcesBuildPhase;
			buildActionMask = 2147483647;
			files = (
			);
			runOnlyForDeploymentPostprocessing = 0;
		};
		8338C21D2383AFB60041DE09 /* Resources */ = {
			isa = PBXResourcesBuildPhase;
			buildActionMask = 2147483647;
			files = (
			);
			runOnlyForDeploymentPostprocessing = 0;
		};
/* End PBXResourcesBuildPhase section */

/* Begin PBXSourcesBuildPhase section */
		8338C1FC2383AFAC0041DE09 /* Sources */ = {
			isa = PBXSourcesBuildPhase;
			buildActionMask = 2147483647;
			files = (
				8338C2062383AFAC0041DE09 /* ViewController.swift in Sources */,
				8338C2042383AFAC0041DE09 /* AppDelegate.swift in Sources */,
			);
			runOnlyForDeploymentPostprocessing = 0;
		};
		8338C2102383AFB60041DE09 /* Sources */ = {
			isa = PBXSourcesBuildPhase;
			buildActionMask = 2147483647;
			files = (
				8338C2192383AFB60041DE09 /* DATA_TRANSFER_THRU_SEGUESTests.swift in Sources */,
			);
			runOnlyForDeploymentPostprocessing = 0;
		};
		8338C21B2383AFB60041DE09 /* Sources */ = {
			isa = PBXSourcesBuildPhase;
			buildActionMask = 2147483647;
			files = (
				8338C2242383AFB60041DE09 /* DATA_TRANSFER_THRU_SEGUESUITests.swift in Sources */,
			);
			runOnlyForDeploymentPostprocessing = 0;
		};
/* End PBXSourcesBuildPhase section */

/* Begin PBXTargetDependency section */
		8338C2162383AFB60041DE09 /* PBXTargetDependency */ = {
			isa = PBXTargetDependency;
			target = 8338C1FF2383AFAC0041DE09 /* DATA TRANSFER THRU SEGUES */;
			targetProxy = 8338C2152383AFB60041DE09 /* PBXContainerItemProxy */;
		};
		8338C2212383AFB60041DE09 /* PBXTargetDependency */ = {
			isa = PBXTargetDependency;
			target = 8338C1FF2383AFAC0041DE09 /* DATA TRANSFER THRU SEGUES */;
			targetProxy = 8338C2202383AFB60041DE09 /* PBXContainerItemProxy */;
		};
/* End PBXTargetDependency section */

/* Begin PBXVariantGroup section */
		8338C2072383AFAC0041DE09 /* Main.storyboard */ = {
			isa = PBXVariantGroup;
			children = (
				8338C2082383AFAC0041DE09 /* Base */,
			);
			name = Main.storyboard;
			sourceTree = "<group>";
		};
		8338C20C2383AFB60041DE09 /* LaunchScreen.storyboard */ = {
			isa = PBXVariantGroup;
			children = (
				8338C20D2383AFB60041DE09 /* Base */,
			);
			name = LaunchScreen.storyboard;
			sourceTree = "<group>";
		};
/* End PBXVariantGroup section */

/* Begin XCBuildConfiguration section */
		8338C2262383AFB60041DE09 /* Debug */ = {
			isa = XCBuildConfiguration;
			buildSettings = {
				ALWAYS_SEARCH_USER_PATHS = NO;
				CLANG_ANALYZER_NONNULL = YES;
				CLANG_ANALYZER_NUMBER_OBJECT_CONVERSION = YES_AGGRESSIVE;
				CLANG_CXX_LANGUAGE_STANDARD = "gnu++14";
				CLANG_CXX_LIBRARY = "libc++";
				CLANG_ENABLE_MODULES = YES;
				CLANG_ENABLE_OBJC_ARC = YES;
				CLANG_ENABLE_OBJC_WEAK = YES;
				CLANG_WARN_BLOCK_CAPTURE_AUTORELEASING = YES;
				CLANG_WARN_BOOL_CONVERSION = YES;
				CLANG_WARN_COMMA = YES;
				CLANG_WARN_CONSTANT_CONVERSION = YES;
				CLANG_WARN_DEPRECATED_OBJC_IMPLEMENTATIONS = YES;
				CLANG_WARN_DIRECT_OBJC_ISA_USAGE = YES_ERROR;
				CLANG_WARN_DOCUMENTATION_COMMENTS = YES;
				CLANG_WARN_EMPTY_BODY = YES;
				CLANG_WARN_ENUM_CONVERSION = YES;
				CLANG_WARN_INFINITE_RECURSION = YES;
				CLANG_WARN_INT_CONVERSION = YES;
				CLANG_WARN_NON_LITERAL_NULL_CONVERSION = YES;
				CLANG_WARN_OBJC_IMPLICIT_RETAIN_SELF = YES;
				CLANG_WARN_OBJC_LITERAL_CONVERSION = YES;
				CLANG_WARN_OBJC_ROOT_CLASS = YES_ERROR;
				CLANG_WARN_RANGE_LOOP_ANALYSIS = YES;
				CLANG_WARN_STRICT_PROTOTYPES = YES;
				CLANG_WARN_SUSPICIOUS_MOVE = YES;
				CLANG_WARN_UNGUARDED_AVAILABILITY = YES_AGGRESSIVE;
				CLANG_WARN_UNREACHABLE_CODE = YES;
				CLANG_WARN__DUPLICATE_METHOD_MATCH = YES;
				CODE_SIGN_IDENTITY = "iPhone Developer";
				COPY_PHASE_STRIP = NO;
				DEBUG_INFORMATION_FORMAT = dwarf;
				ENABLE_STRICT_OBJC_MSGSEND = YES;
				ENABLE_TESTABILITY = YES;
				GCC_C_LANGUAGE_STANDARD = gnu11;
				GCC_DYNAMIC_NO_PIC = NO;
				GCC_NO_COMMON_BLOCKS = YES;
				GCC_OPTIMIZATION_LEVEL = 0;
				GCC_PREPROCESSOR_DEFINITIONS = (
					"DEBUG=1",
					"$(inherited)",
				);
				GCC_WARN_64_TO_32_BIT_CONVERSION = YES;
				GCC_WARN_ABOUT_RETURN_TYPE = YES_ERROR;
				GCC_WARN_UNDECLARED_SELECTOR = YES;
				GCC_WARN_UNINITIALIZED_AUTOS = YES_AGGRESSIVE;
				GCC_WARN_UNUSED_FUNCTION = YES;
				GCC_WARN_UNUSED_VARIABLE = YES;
				IPHONEOS_DEPLOYMENT_TARGET = 12.1;
				MTL_ENABLE_DEBUG_INFO = INCLUDE_SOURCE;
				MTL_FAST_MATH = YES;
				ONLY_ACTIVE_ARCH = YES;
				SDKROOT = iphoneos;
				SWIFT_ACTIVE_COMPILATION_CONDITIONS = DEBUG;
				SWIFT_OPTIMIZATION_LEVEL = "-Onone";
			};
			name = Debug;
		};
		8338C2272383AFB60041DE09 /* Release */ = {
			isa = XCBuildConfiguration;
			buildSettings = {
				ALWAYS_SEARCH_USER_PATHS = NO;
				CLANG_ANALYZER_NONNULL = YES;
				CLANG_ANALYZER_NUMBER_OBJECT_CONVERSION = YES_AGGRESSIVE;
				CLANG_CXX_LANGUAGE_STANDARD = "gnu++14";
				CLANG_CXX_LIBRARY = "libc++";
				CLANG_ENABLE_MODULES = YES;
				CLANG_ENABLE_OBJC_ARC = YES;
				CLANG_ENABLE_OBJC_WEAK = YES;
				CLANG_WARN_BLOCK_CAPTURE_AUTORELEASING = YES;
				CLANG_WARN_BOOL_CONVERSION = YES;
				CLANG_WARN_COMMA = YES;
				CLANG_WARN_CONSTANT_CONVERSION = YES;
				CLANG_WARN_DEPRECATED_OBJC_IMPLEMENTATIONS = YES;
				CLANG_WARN_DIRECT_OBJC_ISA_USAGE = YES_ERROR;
				CLANG_WARN_DOCUMENTATION_COMMENTS = YES;
				CLANG_WARN_EMPTY_BODY = YES;
				CLANG_WARN_ENUM_CONVERSION = YES;
				CLANG_WARN_INFINITE_RECURSION = YES;
				CLANG_WARN_INT_CONVERSION = YES;
				CLANG_WARN_NON_LITERAL_NULL_CONVERSION = YES;
				CLANG_WARN_OBJC_IMPLICIT_RETAIN_SELF = YES;
				CLANG_WARN_OBJC_LITERAL_CONVERSION = YES;
				CLANG_WARN_OBJC_ROOT_CLASS = YES_ERROR;
				CLANG_WARN_RANGE_LOOP_ANALYSIS = YES;
				CLANG_WARN_STRICT_PROTOTYPES = YES;
				CLANG_WARN_SUSPICIOUS_MOVE = YES;
				CLANG_WARN_UNGUARDED_AVAILABILITY = YES_AGGRESSIVE;
				CLANG_WARN_UNREACHABLE_CODE = YES;
				CLANG_WARN__DUPLICATE_METHOD_MATCH = YES;
				CODE_SIGN_IDENTITY = "iPhone Developer";
				COPY_PHASE_STRIP = NO;
				DEBUG_INFORMATION_FORMAT = "dwarf-with-dsym";
				ENABLE_NS_ASSERTIONS = NO;
				ENABLE_STRICT_OBJC_MSGSEND = YES;
				GCC_C_LANGUAGE_STANDARD = gnu11;
				GCC_NO_COMMON_BLOCKS = YES;
				GCC_WARN_64_TO_32_BIT_CONVERSION = YES;
				GCC_WARN_ABOUT_RETURN_TYPE = YES_ERROR;
				GCC_WARN_UNDECLARED_SELECTOR = YES;
				GCC_WARN_UNINITIALIZED_AUTOS = YES_AGGRESSIVE;
				GCC_WARN_UNUSED_FUNCTION = YES;
				GCC_WARN_UNUSED_VARIABLE = YES;
				IPHONEOS_DEPLOYMENT_TARGET = 12.1;
				MTL_ENABLE_DEBUG_INFO = NO;
				MTL_FAST_MATH = YES;
				SDKROOT = iphoneos;
				SWIFT_COMPILATION_MODE = wholemodule;
				SWIFT_OPTIMIZATION_LEVEL = "-O";
				VALIDATE_PRODUCT = YES;
			};
			name = Release;
		};
		8338C2292383AFB60041DE09 /* Debug */ = {
			isa = XCBuildConfiguration;
			buildSettings = {
				ASSETCATALOG_COMPILER_APPICON_NAME = AppIcon;
				CODE_SIGN_STYLE = Automatic;
				INFOPLIST_FILE = "DATA TRANSFER THRU SEGUES/Info.plist";
				LD_RUNPATH_SEARCH_PATHS = (
					"$(inherited)",
					"@executable_path/Frameworks",
				);
				PRODUCT_BUNDLE_IDENTIFIER = "BRN.DATA-TRANSFER-THRU-SEGUES";
				PRODUCT_NAME = "$(TARGET_NAME)";
				SWIFT_VERSION = 4.2;
				TARGETED_DEVICE_FAMILY = "1,2";
			};
			name = Debug;
		};
		8338C22A2383AFB60041DE09 /* Release */ = {
			isa = XCBuildConfiguration;
			buildSettings = {
				ASSETCATALOG_COMPILER_APPICON_NAME = AppIcon;
				CODE_SIGN_STYLE = Automatic;
				INFOPLIST_FILE = "DATA TRANSFER THRU SEGUES/Info.plist";
				LD_RUNPATH_SEARCH_PATHS = (
					"$(inherited)",
					"@executable_path/Frameworks",
				);
				PRODUCT_BUNDLE_IDENTIFIER = "BRN.DATA-TRANSFER-THRU-SEGUES";
				PRODUCT_NAME = "$(TARGET_NAME)";
				SWIFT_VERSION = 4.2;
				TARGETED_DEVICE_FAMILY = "1,2";
			};
			name = Release;
		};
		8338C22C2383AFB60041DE09 /* Debug */ = {
			isa = XCBuildConfiguration;
			buildSettings = {
				ALWAYS_EMBED_SWIFT_STANDARD_LIBRARIES = YES;
				BUNDLE_LOADER = "$(TEST_HOST)";
				CODE_SIGN_STYLE = Automatic;
				INFOPLIST_FILE = "DATA TRANSFER THRU SEGUESTests/Info.plist";
				LD_RUNPATH_SEARCH_PATHS = (
					"$(inherited)",
					"@executable_path/Frameworks",
					"@loader_path/Frameworks",
				);
				PRODUCT_BUNDLE_IDENTIFIER = "BRN.DATA-TRANSFER-THRU-SEGUESTests";
				PRODUCT_NAME = "$(TARGET_NAME)";
				SWIFT_VERSION = 4.2;
				TARGETED_DEVICE_FAMILY = "1,2";
				TEST_HOST = "$(BUILT_PRODUCTS_DIR)/DATA TRANSFER THRU SEGUES.app/DATA TRANSFER THRU SEGUES";
			};
			name = Debug;
		};
		8338C22D2383AFB60041DE09 /* Release */ = {
			isa = XCBuildConfiguration;
			buildSettings = {
				ALWAYS_EMBED_SWIFT_STANDARD_LIBRARIES = YES;
				BUNDLE_LOADER = "$(TEST_HOST)";
				CODE_SIGN_STYLE = Automatic;
				INFOPLIST_FILE = "DATA TRANSFER THRU SEGUESTests/Info.plist";
				LD_RUNPATH_SEARCH_PATHS = (
					"$(inherited)",
					"@executable_path/Frameworks",
					"@loader_path/Frameworks",
				);
				PRODUCT_BUNDLE_IDENTIFIER = "BRN.DATA-TRANSFER-THRU-SEGUESTests";
				PRODUCT_NAME = "$(TARGET_NAME)";
				SWIFT_VERSION = 4.2;
				TARGETED_DEVICE_FAMILY = "1,2";
				TEST_HOST = "$(BUILT_PRODUCTS_DIR)/DATA TRANSFER THRU SEGUES.app/DATA TRANSFER THRU SEGUES";
			};
			name = Release;
		};
		8338C22F2383AFB60041DE09 /* Debug */ = {
			isa = XCBuildConfiguration;
			buildSettings = {
				ALWAYS_EMBED_SWIFT_STANDARD_LIBRARIES = YES;
				CODE_SIGN_STYLE = Automatic;
				INFOPLIST_FILE = "DATA TRANSFER THRU SEGUESUITests/Info.plist";
				LD_RUNPATH_SEARCH_PATHS = (
					"$(inherited)",
					"@executable_path/Frameworks",
					"@loader_path/Frameworks",
				);
				PRODUCT_BUNDLE_IDENTIFIER = "BRN.DATA-TRANSFER-THRU-SEGUESUITests";
				PRODUCT_NAME = "$(TARGET_NAME)";
				SWIFT_VERSION = 4.2;
				TARGETED_DEVICE_FAMILY = "1,2";
				TEST_TARGET_NAME = "DATA TRANSFER THRU SEGUES";
			};
			name = Debug;
		};
		8338C2302383AFB60041DE09 /* Release */ = {
			isa = XCBuildConfiguration;
			buildSettings = {
				ALWAYS_EMBED_SWIFT_STANDARD_LIBRARIES = YES;
				CODE_SIGN_STYLE = Automatic;
				INFOPLIST_FILE = "DATA TRANSFER THRU SEGUESUITests/Info.plist";
				LD_RUNPATH_SEARCH_PATHS = (
					"$(inherited)",
					"@executable_path/Frameworks",
					"@loader_path/Frameworks",
				);
				PRODUCT_BUNDLE_IDENTIFIER = "BRN.DATA-TRANSFER-THRU-SEGUESUITests";
				PRODUCT_NAME = "$(TARGET_NAME)";
				SWIFT_VERSION = 4.2;
				TARGETED_DEVICE_FAMILY = "1,2";
				TEST_TARGET_NAME = "DATA TRANSFER THRU SEGUES";
			};
			name = Release;
		};
/* End XCBuildConfiguration section */

/* Begin XCConfigurationList section */
		8338C1FB2383AFAC0041DE09 /* Build configuration list for PBXProject "DATA TRANSFER THRU SEGUES" */ = {
			isa = XCConfigurationList;
			buildConfigurations = (
				8338C2262383AFB60041DE09 /* Debug */,
				8338C2272383AFB60041DE09 /* Release */,
			);
			defaultConfigurationIsVisible = 0;
			defaultConfigurationName = Release;
		};
		8338C2282383AFB60041DE09 /* Build configuration list for PBXNativeTarget "DATA TRANSFER THRU SEGUES" */ = {
			isa = XCConfigurationList;
			buildConfigurations = (
				8338C2292383AFB60041DE09 /* Debug */,
				8338C22A2383AFB60041DE09 /* Release */,
			);
			defaultConfigurationIsVisible = 0;
			defaultConfigurationName = Release;
		};
		8338C22B2383AFB60041DE09 /* Build configuration list for PBXNativeTarget "DATA TRANSFER THRU SEGUESTests" */ = {
			isa = XCConfigurationList;
			buildConfigurations = (
				8338C22C2383AFB60041DE09 /* Debug */,
				8338C22D2383AFB60041DE09 /* Release */,
			);
			defaultConfigurationIsVisible = 0;
			defaultConfigurationName = Release;
		};
		8338C22E2383AFB60041DE09 /* Build configuration list for PBXNativeTarget "DATA TRANSFER THRU SEGUESUITests" */ = {
			isa = XCConfigurationList;
			buildConfigurations = (
				8338C22F2383AFB60041DE09 /* Debug */,
				8338C2302383AFB60041DE09 /* Release */,
			);
			defaultConfigurationIsVisible = 0;
			defaultConfigurationName = Release;
		};
/* End XCConfigurationList section */
	};
	rootObject = 8338C1F82383AFAC0041DE09 /* Project object */;
}
